
Microsoft Visual Studio Solution File, Format Version 12.00
# Visual Studio Version 17
VisualStudioVersion = 17.11.35303.130
MinimumVisualStudioVersion = 10.0.40219.1
Project("{9A19103F-16F7-4668-BE54-9A1E7A4F7556}") = "HelloWorld", "HelloWorld\HelloWorld.csproj", "{DB70824F-09F1-40A6-8328-83DC88009989}"
EndProject
Project("{FAE04EC0-301F-11D3-BF4B-00C04F79EFBC}") = "InputOutput", "InputOutput\InputOutput.csproj", "{B33BEDFF-3BE2-4260-B562-B3E65C6BB654}"
EndProject
Global
	GlobalSection(SolutionConfigurationPlatforms) = preSolution
		Debug|Any CPU = Debug|Any CPU
		Release|Any CPU = Release|Any CPU
	EndGlobalSection
	GlobalSection(ProjectConfigurationPlatforms) = postSolution
		{DB70824F-09F1-40A6-8328-83DC88009989}.Debug|Any CPU.ActiveCfg = Debug|Any CPU
		{DB70824F-09F1-40A6-8328-83DC88009989}.Debug|Any CPU.Build.0 = Debug|Any CPU
		{DB70824F-09F1-40A6-8328-83DC88009989}.Release|Any CPU.ActiveCfg = Release|Any CPU
		{DB70824F-09F1-40A6-8328-83DC88009989}.Release|Any CPU.Build.0 = Release|Any CPU
		{B33BEDFF-3BE2-4260-B562-B3E65C6BB654}.Debug|Any CPU.ActiveCfg = Debug|Any CPU
		{B33BEDFF-3BE2-4260-B562-B3E65C6BB654}.Debug|Any CPU.Build.0 = Debug|Any CPU
		{B33BEDFF-3BE2-4260-B562-B3E65C6BB654}.Release|Any CPU.ActiveCfg = Release|Any CPU
		{B33BEDFF-3BE2-4260-B562-B3E65C6BB654}.Release|Any CPU.Build.0 = Release|Any CPU
	EndGlobalSection
	GlobalSection(SolutionProperties) = preSolution
		HideSolutionNode = FALSE
	EndGlobalSection
	GlobalSection(ExtensibilityGlobals) = postSolution
		SolutionGuid = {A161B359-AC10-4AC2-856C-2522455B213C}
	EndGlobalSection
EndGlobal
